// !$*UTF8*$!
{
	archiveVersion = 1;
	classes = {
	};
	objectVersion = 46;
	objects = {

/* Begin PBXBuildFile section */
		D911EC0E189B356700F64DFE /* SF Arch Rival Bold Italic.ttf in Resources */ = {isa = PBXBuildFile; fileRef = D911EC06189B356700F64DFE /* SF Arch Rival Bold Italic.ttf */; };
		D911EC0F189B356700F64DFE /* SF Arch Rival Bold.ttf in Resources */ = {isa = PBXBuildFile; fileRef = D911EC07189B356700F64DFE /* SF Arch Rival Bold.ttf */; };
		D911EC10189B356700F64DFE /* SF Arch Rival Extended Bold Italic.ttf in Resources */ = {isa = PBXBuildFile; fileRef = D911EC08189B356700F64DFE /* SF Arch Rival Extended Bold Italic.ttf */; };
		D911EC11189B356700F64DFE /* SF Arch Rival Extended Bold.ttf in Resources */ = {isa = PBXBuildFile; fileRef = D911EC09189B356700F64DFE /* SF Arch Rival Extended Bold.ttf */; };
		D911EC12189B356700F64DFE /* SF Arch Rival Extended Italic.ttf in Resources */ = {isa = PBXBuildFile; fileRef = D911EC0A189B356700F64DFE /* SF Arch Rival Extended Italic.ttf */; };
		D911EC13189B356700F64DFE /* SF Arch Rival Extended.ttf in Resources */ = {isa = PBXBuildFile; fileRef = D911EC0B189B356700F64DFE /* SF Arch Rival Extended.ttf */; };
		D911EC14189B356700F64DFE /* SF Arch Rival Italic.ttf in Resources */ = {isa = PBXBuildFile; fileRef = D911EC0C189B356700F64DFE /* SF Arch Rival Italic.ttf */; };
		D911EC15189B356700F64DFE /* SF Arch Rival.ttf in Resources */ = {isa = PBXBuildFile; fileRef = D911EC0D189B356700F64DFE /* SF Arch Rival.ttf */; };
		D9315E6D18A179EB006C3CA1 /* GameSettings.cpp in Sources */ = {isa = PBXBuildFile; fileRef = D9315E6B18A179EB006C3CA1 /* GameSettings.cpp */; };
		D9315E7218A18A0D006C3CA1 /* OptionsViewController.mm in Sources */ = {isa = PBXBuildFile; fileRef = D9315E7118A18A0D006C3CA1 /* OptionsViewController.mm */; };
		D954F8AD189B0EEA0024CFB1 /* Foundation.framework in Frameworks */ = {isa = PBXBuildFile; fileRef = D954F8AC189B0EEA0024CFB1 /* Foundation.framework */; };
		D954F8AF189B0EEA0024CFB1 /* CoreGraphics.framework in Frameworks */ = {isa = PBXBuildFile; fileRef = D954F8AE189B0EEA0024CFB1 /* CoreGraphics.framework */; };
		D954F8B1189B0EEA0024CFB1 /* UIKit.framework in Frameworks */ = {isa = PBXBuildFile; fileRef = D954F8B0189B0EEA0024CFB1 /* UIKit.framework */; };
		D954F8B7189B0EEA0024CFB1 /* InfoPlist.strings in Resources */ = {isa = PBXBuildFile; fileRef = D954F8B5189B0EEA0024CFB1 /* InfoPlist.strings */; };
		D954F8B9189B0EEA0024CFB1 /* main.m in Sources */ = {isa = PBXBuildFile; fileRef = D954F8B8189B0EEA0024CFB1 /* main.m */; };
		D954F8BD189B0EEA0024CFB1 /* AppDelegate.m in Sources */ = {isa = PBXBuildFile; fileRef = D954F8BC189B0EEA0024CFB1 /* AppDelegate.m */; };
		D954F8C0189B0EEA0024CFB1 /* Main.storyboard in Resources */ = {isa = PBXBuildFile; fileRef = D954F8BE189B0EEA0024CFB1 /* Main.storyboard */; };
		D954F8C3189B0EEA0024CFB1 /* ViewController.m in Sources */ = {isa = PBXBuildFile; fileRef = D954F8C2189B0EEA0024CFB1 /* ViewController.m */; };
		D954F8C5189B0EEA0024CFB1 /* Images.xcassets in Resources */ = {isa = PBXBuildFile; fileRef = D954F8C4189B0EEA0024CFB1 /* Images.xcassets */; };
		D954F8CC189B0EEA0024CFB1 /* XCTest.framework in Frameworks */ = {isa = PBXBuildFile; fileRef = D954F8CB189B0EEA0024CFB1 /* XCTest.framework */; };
		D954F8CD189B0EEA0024CFB1 /* Foundation.framework in Frameworks */ = {isa = PBXBuildFile; fileRef = D954F8AC189B0EEA0024CFB1 /* Foundation.framework */; };
		D954F8CE189B0EEA0024CFB1 /* UIKit.framework in Frameworks */ = {isa = PBXBuildFile; fileRef = D954F8B0189B0EEA0024CFB1 /* UIKit.framework */; };
		D954F8D6189B0EEA0024CFB1 /* InfoPlist.strings in Resources */ = {isa = PBXBuildFile; fileRef = D954F8D4189B0EEA0024CFB1 /* InfoPlist.strings */; };
		D954F8D8189B0EEA0024CFB1 /* Get_Off_My_Lawn_Tests.m in Sources */ = {isa = PBXBuildFile; fileRef = D954F8D7189B0EEA0024CFB1 /* Get_Off_My_Lawn_Tests.m */; };
		D954F8E9189B17560024CFB1 /* background.png in Resources */ = {isa = PBXBuildFile; fileRef = D954F8E5189B17560024CFB1 /* background.png */; };
		D954F8EA189B17560024CFB1 /* background@2x.png in Resources */ = {isa = PBXBuildFile; fileRef = D954F8E6189B17560024CFB1 /* background@2x.png */; };
		D954F8EB189B17560024CFB1 /* backgroundtext.png in Resources */ = {isa = PBXBuildFile; fileRef = D954F8E7189B17560024CFB1 /* backgroundtext.png */; };
		D954F8EC189B17560024CFB1 /* backgroundtext@2x.png in Resources */ = {isa = PBXBuildFile; fileRef = D954F8E8189B17560024CFB1 /* backgroundtext@2x.png */; };
		D954F90B189B17A00024CFB1 /* backbutton.png in Resources */ = {isa = PBXBuildFile; fileRef = D954F8FF189B17A00024CFB1 /* backbutton.png */; };
		D954F90C189B17A00024CFB1 /* backbutton@2x.png in Resources */ = {isa = PBXBuildFile; fileRef = D954F900189B17A00024CFB1 /* backbutton@2x.png */; };
		D954F90D189B17A00024CFB1 /* controlsbutton.png in Resources */ = {isa = PBXBuildFile; fileRef = D954F901189B17A00024CFB1 /* controlsbutton.png */; };
		D954F90E189B17A00024CFB1 /* controlsbutton@2x.png in Resources */ = {isa = PBXBuildFile; fileRef = D954F902189B17A00024CFB1 /* controlsbutton@2x.png */; };
		D954F90F189B17A00024CFB1 /* creditsbutton.png in Resources */ = {isa = PBXBuildFile; fileRef = D954F903189B17A00024CFB1 /* creditsbutton.png */; };
		D954F910189B17A00024CFB1 /* creditsbutton@2x.png in Resources */ = {isa = PBXBuildFile; fileRef = D954F904189B17A00024CFB1 /* creditsbutton@2x.png */; };
		D954F911189B17A00024CFB1 /* optionsbutton.png in Resources */ = {isa = PBXBuildFile; fileRef = D954F905189B17A00024CFB1 /* optionsbutton.png */; };
		D954F912189B17A00024CFB1 /* optionsbutton@2x.png in Resources */ = {isa = PBXBuildFile; fileRef = D954F906189B17A00024CFB1 /* optionsbutton@2x.png */; };
		D954F913189B17A00024CFB1 /* pausebutton.png in Resources */ = {isa = PBXBuildFile; fileRef = D954F907189B17A00024CFB1 /* pausebutton.png */; };
		D954F914189B17A00024CFB1 /* pausebutton@2x.png in Resources */ = {isa = PBXBuildFile; fileRef = D954F908189B17A00024CFB1 /* pausebutton@2x.png */; };
		D954F915189B17A00024CFB1 /* playbutton.png in Resources */ = {isa = PBXBuildFile; fileRef = D954F909189B17A00024CFB1 /* playbutton.png */; };
		D954F916189B17A00024CFB1 /* playbutton@2x.png in Resources */ = {isa = PBXBuildFile; fileRef = D954F90A189B17A00024CFB1 /* playbutton@2x.png */; };
		D954F919189B272C0024CFB1 /* launch.png in Resources */ = {isa = PBXBuildFile; fileRef = D954F917189B272C0024CFB1 /* launch.png */; };
		D954F91A189B272C0024CFB1 /* launch@2x.png in Resources */ = {isa = PBXBuildFile; fileRef = D954F918189B272C0024CFB1 /* launch@2x.png */; };
		D954F91D189B2A410024CFB1 /* logo2.png in Resources */ = {isa = PBXBuildFile; fileRef = D954F91C189B2A410024CFB1 /* logo2.png */; };
		D979BEE3189B40520019551B /* Icon-40.png in Resources */ = {isa = PBXBuildFile; fileRef = D979BED5189B40520019551B /* Icon-40.png */; };
		D979BEE4189B40520019551B /* Icon-40@2x.png in Resources */ = {isa = PBXBuildFile; fileRef = D979BED6189B40520019551B /* Icon-40@2x.png */; };
		D979BEE5189B40520019551B /* Icon-60.png in Resources */ = {isa = PBXBuildFile; fileRef = D979BED7189B40520019551B /* Icon-60.png */; };
		D979BEE6189B40520019551B /* Icon-60@2x.png in Resources */ = {isa = PBXBuildFile; fileRef = D979BED8189B40520019551B /* Icon-60@2x.png */; };
		D979BEE7189B40520019551B /* Icon-72.png in Resources */ = {isa = PBXBuildFile; fileRef = D979BED9189B40520019551B /* Icon-72.png */; };
		D979BEE8189B40520019551B /* Icon-72@2x.png in Resources */ = {isa = PBXBuildFile; fileRef = D979BEDA189B40520019551B /* Icon-72@2x.png */; };
		D979BEE9189B40520019551B /* Icon-76.png in Resources */ = {isa = PBXBuildFile; fileRef = D979BEDB189B40520019551B /* Icon-76.png */; };
		D979BEEA189B40520019551B /* Icon-76@2x.png in Resources */ = {isa = PBXBuildFile; fileRef = D979BEDC189B40520019551B /* Icon-76@2x.png */; };
		D979BEEB189B40520019551B /* Icon-Small-50.png in Resources */ = {isa = PBXBuildFile; fileRef = D979BEDD189B40520019551B /* Icon-Small-50.png */; };
		D979BEEC189B40520019551B /* Icon-Small-50@2x.png in Resources */ = {isa = PBXBuildFile; fileRef = D979BEDE189B40520019551B /* Icon-Small-50@2x.png */; };
		D979BEED189B40520019551B /* Icon-Small.png in Resources */ = {isa = PBXBuildFile; fileRef = D979BEDF189B40520019551B /* Icon-Small.png */; };
		D979BEEE189B40520019551B /* Icon-Small@2x.png in Resources */ = {isa = PBXBuildFile; fileRef = D979BEE0189B40520019551B /* Icon-Small@2x.png */; };
		D979BEEF189B40520019551B /* Icon.png in Resources */ = {isa = PBXBuildFile; fileRef = D979BEE1189B40520019551B /* Icon.png */; };
		D979BEF0189B40520019551B /* Icon@2x.png in Resources */ = {isa = PBXBuildFile; fileRef = D979BEE2189B40520019551B /* Icon@2x.png */; };
		D979BEF5189B4C6B0019551B /* ipadbackground @2x.png in Resources */ = {isa = PBXBuildFile; fileRef = D979BEF1189B4C6B0019551B /* ipadbackground @2x.png */; };
		D979BEF6189B4C6B0019551B /* ipadbackground.png in Resources */ = {isa = PBXBuildFile; fileRef = D979BEF2189B4C6B0019551B /* ipadbackground.png */; };
		D979BEF7189B4C6B0019551B /* ipadbackgroundtext.png in Resources */ = {isa = PBXBuildFile; fileRef = D979BEF3189B4C6B0019551B /* ipadbackgroundtext.png */; };
		D979BEF8189B4C6B0019551B /* ipadbackgroundtext@2x.png in Resources */ = {isa = PBXBuildFile; fileRef = D979BEF4189B4C6B0019551B /* ipadbackgroundtext@2x.png */; };
		D979BEFA189B4C8D0019551B /* Main-iPad.storyboard in Resources */ = {isa = PBXBuildFile; fileRef = D979BEF9189B4C8D0019551B /* Main-iPad.storyboard */; };
/* End PBXBuildFile section */

/* Begin PBXContainerItemProxy section */
		D954F8CF189B0EEA0024CFB1 /* PBXContainerItemProxy */ = {
			isa = PBXContainerItemProxy;
			containerPortal = D954F8A1189B0EEA0024CFB1 /* Project object */;
			proxyType = 1;
			remoteGlobalIDString = D954F8A8189B0EEA0024CFB1;
			remoteInfo = "Get Off My Lawn!";
		};
/* End PBXContainerItemProxy section */

/* Begin PBXFileReference section */
		D911EC06189B356700F64DFE /* SF Arch Rival Bold Italic.ttf */ = {isa = PBXFileReference; lastKnownFileType = file; path = "SF Arch Rival Bold Italic.ttf"; sourceTree = "<group>"; };
		D911EC07189B356700F64DFE /* SF Arch Rival Bold.ttf */ = {isa = PBXFileReference; lastKnownFileType = file; path = "SF Arch Rival Bold.ttf"; sourceTree = "<group>"; };
		D911EC08189B356700F64DFE /* SF Arch Rival Extended Bold Italic.ttf */ = {isa = PBXFileReference; lastKnownFileType = file; path = "SF Arch Rival Extended Bold Italic.ttf"; sourceTree = "<group>"; };
		D911EC09189B356700F64DFE /* SF Arch Rival Extended Bold.ttf */ = {isa = PBXFileReference; lastKnownFileType = file; path = "SF Arch Rival Extended Bold.ttf"; sourceTree = "<group>"; };
		D911EC0A189B356700F64DFE /* SF Arch Rival Extended Italic.ttf */ = {isa = PBXFileReference; lastKnownFileType = file; path = "SF Arch Rival Extended Italic.ttf"; sourceTree = "<group>"; };
		D911EC0B189B356700F64DFE /* SF Arch Rival Extended.ttf */ = {isa = PBXFileReference; lastKnownFileType = file; path = "SF Arch Rival Extended.ttf"; sourceTree = "<group>"; };
		D911EC0C189B356700F64DFE /* SF Arch Rival Italic.ttf */ = {isa = PBXFileReference; lastKnownFileType = file; path = "SF Arch Rival Italic.ttf"; sourceTree = "<group>"; };
		D911EC0D189B356700F64DFE /* SF Arch Rival.ttf */ = {isa = PBXFileReference; lastKnownFileType = file; path = "SF Arch Rival.ttf"; sourceTree = "<group>"; };
		D9315E6B18A179EB006C3CA1 /* GameSettings.cpp */ = {isa = PBXFileReference; fileEncoding = 4; lastKnownFileType = sourcecode.cpp.cpp; path = GameSettings.cpp; sourceTree = "<group>"; };
		D9315E6C18A179EB006C3CA1 /* GameSettings.h */ = {isa = PBXFileReference; fileEncoding = 4; lastKnownFileType = sourcecode.c.h; path = GameSettings.h; sourceTree = "<group>"; };
		D9315E7018A18A0D006C3CA1 /* OptionsViewController.h */ = {isa = PBXFileReference; fileEncoding = 4; lastKnownFileType = sourcecode.c.h; path = OptionsViewController.h; sourceTree = "<group>"; };
		D9315E7118A18A0D006C3CA1 /* OptionsViewController.mm */ = {isa = PBXFileReference; fileEncoding = 4; lastKnownFileType = sourcecode.cpp.objcpp; path = OptionsViewController.mm; sourceTree = "<group>"; };
		D954F8A9189B0EEA0024CFB1 /* Get Off My Lawn!.app */ = {isa = PBXFileReference; explicitFileType = wrapper.application; includeInIndex = 0; path = "Get Off My Lawn!.app"; sourceTree = BUILT_PRODUCTS_DIR; };
		D954F8AC189B0EEA0024CFB1 /* Foundation.framework */ = {isa = PBXFileReference; lastKnownFileType = wrapper.framework; name = Foundation.framework; path = System/Library/Frameworks/Foundation.framework; sourceTree = SDKROOT; };
		D954F8AE189B0EEA0024CFB1 /* CoreGraphics.framework */ = {isa = PBXFileReference; lastKnownFileType = wrapper.framework; name = CoreGraphics.framework; path = System/Library/Frameworks/CoreGraphics.framework; sourceTree = SDKROOT; };
		D954F8B0189B0EEA0024CFB1 /* UIKit.framework */ = {isa = PBXFileReference; lastKnownFileType = wrapper.framework; name = UIKit.framework; path = System/Library/Frameworks/UIKit.framework; sourceTree = SDKROOT; };
		D954F8B4189B0EEA0024CFB1 /* Get Off My Lawn!-Info.plist */ = {isa = PBXFileReference; lastKnownFileType = text.plist.xml; path = "Get Off My Lawn!-Info.plist"; sourceTree = "<group>"; };
		D954F8B6189B0EEA0024CFB1 /* en */ = {isa = PBXFileReference; lastKnownFileType = text.plist.strings; name = en; path = en.lproj/InfoPlist.strings; sourceTree = "<group>"; };
		D954F8B8189B0EEA0024CFB1 /* main.m */ = {isa = PBXFileReference; lastKnownFileType = sourcecode.c.objc; path = main.m; sourceTree = "<group>"; };
		D954F8BA189B0EEA0024CFB1 /* Get Off My Lawn!-Prefix.pch */ = {isa = PBXFileReference; lastKnownFileType = sourcecode.c.h; path = "Get Off My Lawn!-Prefix.pch"; sourceTree = "<group>"; };
		D954F8BB189B0EEA0024CFB1 /* AppDelegate.h */ = {isa = PBXFileReference; lastKnownFileType = sourcecode.c.h; path = AppDelegate.h; sourceTree = "<group>"; };
		D954F8BC189B0EEA0024CFB1 /* AppDelegate.m */ = {isa = PBXFileReference; lastKnownFileType = sourcecode.c.objc; path = AppDelegate.m; sourceTree = "<group>"; };
		D954F8BF189B0EEA0024CFB1 /* Base */ = {isa = PBXFileReference; lastKnownFileType = file.storyboard; name = Base; path = Base.lproj/Main.storyboard; sourceTree = "<group>"; };
		D954F8C1189B0EEA0024CFB1 /* ViewController.h */ = {isa = PBXFileReference; lastKnownFileType = sourcecode.c.h; path = ViewController.h; sourceTree = "<group>"; };
		D954F8C2189B0EEA0024CFB1 /* ViewController.m */ = {isa = PBXFileReference; lastKnownFileType = sourcecode.c.objc; path = ViewController.m; sourceTree = "<group>"; };
		D954F8C4189B0EEA0024CFB1 /* Images.xcassets */ = {isa = PBXFileReference; lastKnownFileType = folder.assetcatalog; path = Images.xcassets; sourceTree = "<group>"; };
		D954F8CA189B0EEA0024CFB1 /* Get Off My Lawn!Tests.xctest */ = {isa = PBXFileReference; explicitFileType = wrapper.cfbundle; includeInIndex = 0; path = "Get Off My Lawn!Tests.xctest"; sourceTree = BUILT_PRODUCTS_DIR; };
		D954F8CB189B0EEA0024CFB1 /* XCTest.framework */ = {isa = PBXFileReference; lastKnownFileType = wrapper.framework; name = XCTest.framework; path = Library/Frameworks/XCTest.framework; sourceTree = DEVELOPER_DIR; };
		D954F8D3189B0EEA0024CFB1 /* Get Off My Lawn!Tests-Info.plist */ = {isa = PBXFileReference; lastKnownFileType = text.plist.xml; path = "Get Off My Lawn!Tests-Info.plist"; sourceTree = "<group>"; };
		D954F8D5189B0EEA0024CFB1 /* en */ = {isa = PBXFileReference; lastKnownFileType = text.plist.strings; name = en; path = en.lproj/InfoPlist.strings; sourceTree = "<group>"; };
		D954F8D7189B0EEA0024CFB1 /* Get_Off_My_Lawn_Tests.m */ = {isa = PBXFileReference; lastKnownFileType = sourcecode.c.objc; path = Get_Off_My_Lawn_Tests.m; sourceTree = "<group>"; };
		D954F8E5189B17560024CFB1 /* background.png */ = {isa = PBXFileReference; lastKnownFileType = image.png; path = background.png; sourceTree = "<group>"; };
		D954F8E6189B17560024CFB1 /* background@2x.png */ = {isa = PBXFileReference; lastKnownFileType = image.png; path = "background@2x.png"; sourceTree = "<group>"; };
		D954F8E7189B17560024CFB1 /* backgroundtext.png */ = {isa = PBXFileReference; lastKnownFileType = image.png; path = backgroundtext.png; sourceTree = "<group>"; };
		D954F8E8189B17560024CFB1 /* backgroundtext@2x.png */ = {isa = PBXFileReference; lastKnownFileType = image.png; path = "backgroundtext@2x.png"; sourceTree = "<group>"; };
		D954F8FF189B17A00024CFB1 /* backbutton.png */ = {isa = PBXFileReference; lastKnownFileType = image.png; path = backbutton.png; sourceTree = "<group>"; };
		D954F900189B17A00024CFB1 /* backbutton@2x.png */ = {isa = PBXFileReference; lastKnownFileType = image.png; path = "backbutton@2x.png"; sourceTree = "<group>"; };
		D954F901189B17A00024CFB1 /* controlsbutton.png */ = {isa = PBXFileReference; lastKnownFileType = image.png; path = controlsbutton.png; sourceTree = "<group>"; };
		D954F902189B17A00024CFB1 /* controlsbutton@2x.png */ = {isa = PBXFileReference; lastKnownFileType = image.png; path = "controlsbutton@2x.png"; sourceTree = "<group>"; };
		D954F903189B17A00024CFB1 /* creditsbutton.png */ = {isa = PBXFileReference; lastKnownFileType = image.png; path = creditsbutton.png; sourceTree = "<group>"; };
		D954F904189B17A00024CFB1 /* creditsbutton@2x.png */ = {isa = PBXFileReference; lastKnownFileType = image.png; path = "creditsbutton@2x.png"; sourceTree = "<group>"; };
		D954F905189B17A00024CFB1 /* optionsbutton.png */ = {isa = PBXFileReference; lastKnownFileType = image.png; path = optionsbutton.png; sourceTree = "<group>"; };
		D954F906189B17A00024CFB1 /* optionsbutton@2x.png */ = {isa = PBXFileReference; lastKnownFileType = image.png; path = "optionsbutton@2x.png"; sourceTree = "<group>"; };
		D954F907189B17A00024CFB1 /* pausebutton.png */ = {isa = PBXFileReference; lastKnownFileType = image.png; path = pausebutton.png; sourceTree = "<group>"; };
		D954F908189B17A00024CFB1 /* pausebutton@2x.png */ = {isa = PBXFileReference; lastKnownFileType = image.png; path = "pausebutton@2x.png"; sourceTree = "<group>"; };
		D954F909189B17A00024CFB1 /* playbutton.png */ = {isa = PBXFileReference; lastKnownFileType = image.png; path = playbutton.png; sourceTree = "<group>"; };
		D954F90A189B17A00024CFB1 /* playbutton@2x.png */ = {isa = PBXFileReference; lastKnownFileType = image.png; path = "playbutton@2x.png"; sourceTree = "<group>"; };
		D954F917189B272C0024CFB1 /* launch.png */ = {isa = PBXFileReference; lastKnownFileType = image.png; path = launch.png; sourceTree = "<group>"; };
		D954F918189B272C0024CFB1 /* launch@2x.png */ = {isa = PBXFileReference; lastKnownFileType = image.png; path = "launch@2x.png"; sourceTree = "<group>"; };
		D954F91C189B2A410024CFB1 /* logo2.png */ = {isa = PBXFileReference; lastKnownFileType = image.png; path = logo2.png; sourceTree = "<group>"; };
		D979BED5189B40520019551B /* Icon-40.png */ = {isa = PBXFileReference; lastKnownFileType = image.png; path = "Icon-40.png"; sourceTree = "<group>"; };
		D979BED6189B40520019551B /* Icon-40@2x.png */ = {isa = PBXFileReference; lastKnownFileType = image.png; path = "Icon-40@2x.png"; sourceTree = "<group>"; };
		D979BED7189B40520019551B /* Icon-60.png */ = {isa = PBXFileReference; lastKnownFileType = image.png; path = "Icon-60.png"; sourceTree = "<group>"; };
		D979BED8189B40520019551B /* Icon-60@2x.png */ = {isa = PBXFileReference; lastKnownFileType = image.png; path = "Icon-60@2x.png"; sourceTree = "<group>"; };
		D979BED9189B40520019551B /* Icon-72.png */ = {isa = PBXFileReference; lastKnownFileType = image.png; path = "Icon-72.png"; sourceTree = "<group>"; };
		D979BEDA189B40520019551B /* Icon-72@2x.png */ = {isa = PBXFileReference; lastKnownFileType = image.png; path = "Icon-72@2x.png"; sourceTree = "<group>"; };
		D979BEDB189B40520019551B /* Icon-76.png */ = {isa = PBXFileReference; lastKnownFileType = image.png; path = "Icon-76.png"; sourceTree = "<group>"; };
		D979BEDC189B40520019551B /* Icon-76@2x.png */ = {isa = PBXFileReference; lastKnownFileType = image.png; path = "Icon-76@2x.png"; sourceTree = "<group>"; };
		D979BEDD189B40520019551B /* Icon-Small-50.png */ = {isa = PBXFileReference; lastKnownFileType = image.png; path = "Icon-Small-50.png"; sourceTree = "<group>"; };
		D979BEDE189B40520019551B /* Icon-Small-50@2x.png */ = {isa = PBXFileReference; lastKnownFileType = image.png; path = "Icon-Small-50@2x.png"; sourceTree = "<group>"; };
		D979BEDF189B40520019551B /* Icon-Small.png */ = {isa = PBXFileReference; lastKnownFileType = image.png; path = "Icon-Small.png"; sourceTree = "<group>"; };
		D979BEE0189B40520019551B /* Icon-Small@2x.png */ = {isa = PBXFileReference; lastKnownFileType = image.png; path = "Icon-Small@2x.png"; sourceTree = "<group>"; };
		D979BEE1189B40520019551B /* Icon.png */ = {isa = PBXFileReference; lastKnownFileType = image.png; path = Icon.png; sourceTree = "<group>"; };
		D979BEE2189B40520019551B /* Icon@2x.png */ = {isa = PBXFileReference; lastKnownFileType = image.png; path = "Icon@2x.png"; sourceTree = "<group>"; };
		D979BEF1189B4C6B0019551B /* ipadbackground @2x.png */ = {isa = PBXFileReference; lastKnownFileType = image.png; path = "ipadbackground @2x.png"; sourceTree = "<group>"; };
		D979BEF2189B4C6B0019551B /* ipadbackground.png */ = {isa = PBXFileReference; lastKnownFileType = image.png; path = ipadbackground.png; sourceTree = "<group>"; };
		D979BEF3189B4C6B0019551B /* ipadbackgroundtext.png */ = {isa = PBXFileReference; lastKnownFileType = image.png; path = ipadbackgroundtext.png; sourceTree = "<group>"; };
		D979BEF4189B4C6B0019551B /* ipadbackgroundtext@2x.png */ = {isa = PBXFileReference; lastKnownFileType = image.png; path = "ipadbackgroundtext@2x.png"; sourceTree = "<group>"; };
		D979BEF9189B4C8D0019551B /* Main-iPad.storyboard */ = {isa = PBXFileReference; fileEncoding = 4; lastKnownFileType = file.storyboard; path = "Main-iPad.storyboard"; sourceTree = "<group>"; };
/* End PBXFileReference section */

/* Begin PBXFrameworksBuildPhase section */
		D954F8A6189B0EEA0024CFB1 /* Frameworks */ = {
			isa = PBXFrameworksBuildPhase;
			buildActionMask = 2147483647;
			files = (
				D954F8AF189B0EEA0024CFB1 /* CoreGraphics.framework in Frameworks */,
				D954F8B1189B0EEA0024CFB1 /* UIKit.framework in Frameworks */,
				D954F8AD189B0EEA0024CFB1 /* Foundation.framework in Frameworks */,
			);
			runOnlyForDeploymentPostprocessing = 0;
		};
		D954F8C7189B0EEA0024CFB1 /* Frameworks */ = {
			isa = PBXFrameworksBuildPhase;
			buildActionMask = 2147483647;
			files = (
				D954F8CC189B0EEA0024CFB1 /* XCTest.framework in Frameworks */,
				D954F8CE189B0EEA0024CFB1 /* UIKit.framework in Frameworks */,
				D954F8CD189B0EEA0024CFB1 /* Foundation.framework in Frameworks */,
			);
			runOnlyForDeploymentPostprocessing = 0;
		};
/* End PBXFrameworksBuildPhase section */

/* Begin PBXGroup section */
		D9315E6A18A179D6006C3CA1 /* C++ */ = {
			isa = PBXGroup;
			children = (
				D9315E6B18A179EB006C3CA1 /* GameSettings.cpp */,
				D9315E6C18A179EB006C3CA1 /* GameSettings.h */,
			);
			name = "C++";
			sourceTree = "<group>";
		};
		D954F8A0189B0EEA0024CFB1 = {
			isa = PBXGroup;
			children = (
				D954F8B2189B0EEA0024CFB1 /* Get Off My Lawn! */,
				D954F8D1189B0EEA0024CFB1 /* Get Off My Lawn!Tests */,
				D954F8AB189B0EEA0024CFB1 /* Frameworks */,
				D954F8AA189B0EEA0024CFB1 /* Products */,
			);
			sourceTree = "<group>";
		};
		D954F8AA189B0EEA0024CFB1 /* Products */ = {
			isa = PBXGroup;
			children = (
				D954F8A9189B0EEA0024CFB1 /* Get Off My Lawn!.app */,
				D954F8CA189B0EEA0024CFB1 /* Get Off My Lawn!Tests.xctest */,
			);
			name = Products;
			sourceTree = "<group>";
		};
		D954F8AB189B0EEA0024CFB1 /* Frameworks */ = {
			isa = PBXGroup;
			children = (
				D954F8AC189B0EEA0024CFB1 /* Foundation.framework */,
				D954F8AE189B0EEA0024CFB1 /* CoreGraphics.framework */,
				D954F8B0189B0EEA0024CFB1 /* UIKit.framework */,
				D954F8CB189B0EEA0024CFB1 /* XCTest.framework */,
			);
			name = Frameworks;
			sourceTree = "<group>";
		};
		D954F8B2189B0EEA0024CFB1 /* Get Off My Lawn! */ = {
			isa = PBXGroup;
			children = (
				D9315E6A18A179D6006C3CA1 /* C++ */,
				D954F8E1189B16FD0024CFB1 /* Resources */,
				D9697B03189B3BB60075D364 /* iPad */,
				D954F8BB189B0EEA0024CFB1 /* AppDelegate.h */,
				D954F8BC189B0EEA0024CFB1 /* AppDelegate.m */,
				D954F8BE189B0EEA0024CFB1 /* Main.storyboard */,
				D979BEF9189B4C8D0019551B /* Main-iPad.storyboard */,
				D954F8C1189B0EEA0024CFB1 /* ViewController.h */,
				D954F8C2189B0EEA0024CFB1 /* ViewController.m */,
				D954F8C4189B0EEA0024CFB1 /* Images.xcassets */,
				D954F8B3189B0EEA0024CFB1 /* Supporting Files */,
				D9315E7018A18A0D006C3CA1 /* OptionsViewController.h */,
				D9315E7118A18A0D006C3CA1 /* OptionsViewController.mm */,
			);
			path = "Get Off My Lawn!";
			sourceTree = "<group>";
		};
		D954F8B3189B0EEA0024CFB1 /* Supporting Files */ = {
			isa = PBXGroup;
			children = (
				D954F8B4189B0EEA0024CFB1 /* Get Off My Lawn!-Info.plist */,
				D954F8B5189B0EEA0024CFB1 /* InfoPlist.strings */,
				D954F8B8189B0EEA0024CFB1 /* main.m */,
				D954F8BA189B0EEA0024CFB1 /* Get Off My Lawn!-Prefix.pch */,
			);
			name = "Supporting Files";
			sourceTree = "<group>";
		};
		D954F8D1189B0EEA0024CFB1 /* Get Off My Lawn!Tests */ = {
			isa = PBXGroup;
			children = (
				D954F8D7189B0EEA0024CFB1 /* Get_Off_My_Lawn_Tests.m */,
				D954F8D2189B0EEA0024CFB1 /* Supporting Files */,
			);
			path = "Get Off My Lawn!Tests";
			sourceTree = "<group>";
		};
		D954F8D2189B0EEA0024CFB1 /* Supporting Files */ = {
			isa = PBXGroup;
			children = (
				D954F8D3189B0EEA0024CFB1 /* Get Off My Lawn!Tests-Info.plist */,
				D954F8D4189B0EEA0024CFB1 /* InfoPlist.strings */,
			);
			name = "Supporting Files";
			sourceTree = "<group>";
		};
		D954F8E1189B16FD0024CFB1 /* Resources */ = {
			isa = PBXGroup;
			children = (
				D954F91B189B28E90024CFB1 /* Other */,
				D954F8E4189B17130024CFB1 /* Backgrounds */,
				D954F8E3189B170E0024CFB1 /* Icons */,
				D954F8E2189B17080024CFB1 /* Buttons */,
			);
			name = Resources;
			sourceTree = "<group>";
		};
		D954F8E2189B17080024CFB1 /* Buttons */ = {
			isa = PBXGroup;
			children = (
				D954F8FF189B17A00024CFB1 /* backbutton.png */,
				D954F900189B17A00024CFB1 /* backbutton@2x.png */,
				D954F901189B17A00024CFB1 /* controlsbutton.png */,
				D954F902189B17A00024CFB1 /* controlsbutton@2x.png */,
				D954F903189B17A00024CFB1 /* creditsbutton.png */,
				D954F904189B17A00024CFB1 /* creditsbutton@2x.png */,
				D954F905189B17A00024CFB1 /* optionsbutton.png */,
				D954F906189B17A00024CFB1 /* optionsbutton@2x.png */,
				D954F907189B17A00024CFB1 /* pausebutton.png */,
				D954F908189B17A00024CFB1 /* pausebutton@2x.png */,
				D954F909189B17A00024CFB1 /* playbutton.png */,
				D954F90A189B17A00024CFB1 /* playbutton@2x.png */,
			);
			name = Buttons;
			sourceTree = "<group>";
		};
		D954F8E3189B170E0024CFB1 /* Icons */ = {
			isa = PBXGroup;
			children = (
				D979BED5189B40520019551B /* Icon-40.png */,
				D979BED6189B40520019551B /* Icon-40@2x.png */,
				D979BED7189B40520019551B /* Icon-60.png */,
				D979BED8189B40520019551B /* Icon-60@2x.png */,
				D979BED9189B40520019551B /* Icon-72.png */,
				D979BEDA189B40520019551B /* Icon-72@2x.png */,
				D979BEDB189B40520019551B /* Icon-76.png */,
				D979BEDC189B40520019551B /* Icon-76@2x.png */,
				D979BEDD189B40520019551B /* Icon-Small-50.png */,
				D979BEDE189B40520019551B /* Icon-Small-50@2x.png */,
				D979BEDF189B40520019551B /* Icon-Small.png */,
				D979BEE0189B40520019551B /* Icon-Small@2x.png */,
				D979BEE1189B40520019551B /* Icon.png */,
				D979BEE2189B40520019551B /* Icon@2x.png */,
			);
			name = Icons;
			sourceTree = "<group>";
		};
		D954F8E4189B17130024CFB1 /* Backgrounds */ = {
			isa = PBXGroup;
			children = (
				D979BEF1189B4C6B0019551B /* ipadbackground @2x.png */,
				D979BEF2189B4C6B0019551B /* ipadbackground.png */,
				D979BEF3189B4C6B0019551B /* ipadbackgroundtext.png */,
				D979BEF4189B4C6B0019551B /* ipadbackgroundtext@2x.png */,
				D954F917189B272C0024CFB1 /* launch.png */,
				D954F918189B272C0024CFB1 /* launch@2x.png */,
				D954F8E5189B17560024CFB1 /* background.png */,
				D954F8E6189B17560024CFB1 /* background@2x.png */,
				D954F8E7189B17560024CFB1 /* backgroundtext.png */,
				D954F8E8189B17560024CFB1 /* backgroundtext@2x.png */,
			);
			name = Backgrounds;
			sourceTree = "<group>";
		};
		D954F91B189B28E90024CFB1 /* Other */ = {
			isa = PBXGroup;
			children = (
				D911EC06189B356700F64DFE /* SF Arch Rival Bold Italic.ttf */,
				D911EC07189B356700F64DFE /* SF Arch Rival Bold.ttf */,
				D911EC08189B356700F64DFE /* SF Arch Rival Extended Bold Italic.ttf */,
				D911EC09189B356700F64DFE /* SF Arch Rival Extended Bold.ttf */,
				D911EC0A189B356700F64DFE /* SF Arch Rival Extended Italic.ttf */,
				D911EC0B189B356700F64DFE /* SF Arch Rival Extended.ttf */,
				D911EC0C189B356700F64DFE /* SF Arch Rival Italic.ttf */,
				D911EC0D189B356700F64DFE /* SF Arch Rival.ttf */,
				D954F91C189B2A410024CFB1 /* logo2.png */,
			);
			name = Other;
			sourceTree = "<group>";
		};
		D9697B03189B3BB60075D364 /* iPad */ = {
			isa = PBXGroup;
			children = (
			);
			name = iPad;
			sourceTree = "<group>";
		};
/* End PBXGroup section */

/* Begin PBXNativeTarget section */
		D954F8A8189B0EEA0024CFB1 /* Get Off My Lawn! */ = {
			isa = PBXNativeTarget;
			buildConfigurationList = D954F8DB189B0EEA0024CFB1 /* Build configuration list for PBXNativeTarget "Get Off My Lawn!" */;
			buildPhases = (
				D954F8A5189B0EEA0024CFB1 /* Sources */,
				D954F8A6189B0EEA0024CFB1 /* Frameworks */,
				D954F8A7189B0EEA0024CFB1 /* Resources */,
			);
			buildRules = (
			);
			dependencies = (
			);
			name = "Get Off My Lawn!";
			productName = "Get Off My Lawn!";
			productReference = D954F8A9189B0EEA0024CFB1 /* Get Off My Lawn!.app */;
			productType = "com.apple.product-type.application";
		};
		D954F8C9189B0EEA0024CFB1 /* Get Off My Lawn!Tests */ = {
			isa = PBXNativeTarget;
			buildConfigurationList = D954F8DE189B0EEA0024CFB1 /* Build configuration list for PBXNativeTarget "Get Off My Lawn!Tests" */;
			buildPhases = (
				D954F8C6189B0EEA0024CFB1 /* Sources */,
				D954F8C7189B0EEA0024CFB1 /* Frameworks */,
				D954F8C8189B0EEA0024CFB1 /* Resources */,
			);
			buildRules = (
			);
			dependencies = (
				D954F8D0189B0EEA0024CFB1 /* PBXTargetDependency */,
			);
			name = "Get Off My Lawn!Tests";
			productName = "Get Off My Lawn!Tests";
			productReference = D954F8CA189B0EEA0024CFB1 /* Get Off My Lawn!Tests.xctest */;
			productType = "com.apple.product-type.bundle.unit-test";
		};
/* End PBXNativeTarget section */

/* Begin PBXProject section */
		D954F8A1189B0EEA0024CFB1 /* Project object */ = {
			isa = PBXProject;
			attributes = {
				LastUpgradeCheck = 0500;
				ORGANIZATIONNAME = "GAM1532 Game Development IV";
				TargetAttributes = {
					D954F8C9189B0EEA0024CFB1 = {
						TestTargetID = D954F8A8189B0EEA0024CFB1;
					};
				};
			};
			buildConfigurationList = D954F8A4189B0EEA0024CFB1 /* Build configuration list for PBXProject "Get Off My Lawn!" */;
			compatibilityVersion = "Xcode 3.2";
			developmentRegion = English;
			hasScannedForEncodings = 0;
			knownRegions = (
				en,
				Base,
			);
			mainGroup = D954F8A0189B0EEA0024CFB1;
			productRefGroup = D954F8AA189B0EEA0024CFB1 /* Products */;
			projectDirPath = "";
			projectRoot = "";
			targets = (
				D954F8A8189B0EEA0024CFB1 /* Get Off My Lawn! */,
				D954F8C9189B0EEA0024CFB1 /* Get Off My Lawn!Tests */,
			);
		};
/* End PBXProject section */

/* Begin PBXResourcesBuildPhase section */
		D954F8A7189B0EEA0024CFB1 /* Resources */ = {
			isa = PBXResourcesBuildPhase;
			buildActionMask = 2147483647;
			files = (
				D979BEF5189B4C6B0019551B /* ipadbackground @2x.png in Resources */,
				D979BEE9189B40520019551B /* Icon-76.png in Resources */,
				D954F915189B17A00024CFB1 /* playbutton.png in Resources */,
				D979BEEC189B40520019551B /* Icon-Small-50@2x.png in Resources */,
				D979BEEA189B40520019551B /* Icon-76@2x.png in Resources */,
				D911EC14189B356700F64DFE /* SF Arch Rival Italic.ttf in Resources */,
				D979BEF0189B40520019551B /* Icon@2x.png in Resources */,
				D979BEE8189B40520019551B /* Icon-72@2x.png in Resources */,
				D954F911189B17A00024CFB1 /* optionsbutton.png in Resources */,
				D954F8EB189B17560024CFB1 /* backgroundtext.png in Resources */,
				D954F919189B272C0024CFB1 /* launch.png in Resources */,
				D979BEE4189B40520019551B /* Icon-40@2x.png in Resources */,
				D911EC0E189B356700F64DFE /* SF Arch Rival Bold Italic.ttf in Resources */,
				D954F8C5189B0EEA0024CFB1 /* Images.xcassets in Resources */,
				D954F90C189B17A00024CFB1 /* backbutton@2x.png in Resources */,
				D979BEE6189B40520019551B /* Icon-60@2x.png in Resources */,
				D954F8E9189B17560024CFB1 /* background.png in Resources */,
				D954F90E189B17A00024CFB1 /* controlsbutton@2x.png in Resources */,
				D911EC12189B356700F64DFE /* SF Arch Rival Extended Italic.ttf in Resources */,
				D911EC13189B356700F64DFE /* SF Arch Rival Extended.ttf in Resources */,
				D954F8B7189B0EEA0024CFB1 /* InfoPlist.strings in Resources */,
				D911EC0F189B356700F64DFE /* SF Arch Rival Bold.ttf in Resources */,
				D979BEED189B40520019551B /* Icon-Small.png in Resources */,
				D979BEFA189B4C8D0019551B /* Main-iPad.storyboard in Resources */,
				D911EC11189B356700F64DFE /* SF Arch Rival Extended Bold.ttf in Resources */,
				D979BEE3189B40520019551B /* Icon-40.png in Resources */,
				D979BEEF189B40520019551B /* Icon.png in Resources */,
				D979BEEB189B40520019551B /* Icon-Small-50.png in Resources */,
				D979BEF6189B4C6B0019551B /* ipadbackground.png in Resources */,
				D954F90B189B17A00024CFB1 /* backbutton.png in Resources */,
				D979BEF7189B4C6B0019551B /* ipadbackgroundtext.png in Resources */,
				D911EC15189B356700F64DFE /* SF Arch Rival.ttf in Resources */,
				D954F916189B17A00024CFB1 /* playbutton@2x.png in Resources */,
				D979BEEE189B40520019551B /* Icon-Small@2x.png in Resources */,
				D954F8EC189B17560024CFB1 /* backgroundtext@2x.png in Resources */,
				D954F910189B17A00024CFB1 /* creditsbutton@2x.png in Resources */,
				D954F90D189B17A00024CFB1 /* controlsbutton.png in Resources */,
				D954F912189B17A00024CFB1 /* optionsbutton@2x.png in Resources */,
				D954F90F189B17A00024CFB1 /* creditsbutton.png in Resources */,
				D979BEE7189B40520019551B /* Icon-72.png in Resources */,
				D954F8EA189B17560024CFB1 /* background@2x.png in Resources */,
				D979BEE5189B40520019551B /* Icon-60.png in Resources */,
				D979BEF8189B4C6B0019551B /* ipadbackgroundtext@2x.png in Resources */,
				D954F8C0189B0EEA0024CFB1 /* Main.storyboard in Resources */,
				D954F913189B17A00024CFB1 /* pausebutton.png in Resources */,
				D911EC10189B356700F64DFE /* SF Arch Rival Extended Bold Italic.ttf in Resources */,
				D954F91D189B2A410024CFB1 /* logo2.png in Resources */,
				D954F914189B17A00024CFB1 /* pausebutton@2x.png in Resources */,
				D954F91A189B272C0024CFB1 /* launch@2x.png in Resources */,
			);
			runOnlyForDeploymentPostprocessing = 0;
		};
		D954F8C8189B0EEA0024CFB1 /* Resources */ = {
			isa = PBXResourcesBuildPhase;
			buildActionMask = 2147483647;
			files = (
				D954F8D6189B0EEA0024CFB1 /* InfoPlist.strings in Resources */,
			);
			runOnlyForDeploymentPostprocessing = 0;
		};
/* End PBXResourcesBuildPhase section */

/* Begin PBXSourcesBuildPhase section */
		D954F8A5189B0EEA0024CFB1 /* Sources */ = {
			isa = PBXSourcesBuildPhase;
			buildActionMask = 2147483647;
			files = (
				D9315E6D18A179EB006C3CA1 /* GameSettings.cpp in Sources */,
				D954F8C3189B0EEA0024CFB1 /* ViewController.m in Sources */,
				D9315E7218A18A0D006C3CA1 /* OptionsViewController.mm in Sources */,
				D954F8BD189B0EEA0024CFB1 /* AppDelegate.m in Sources */,
				D954F8B9189B0EEA0024CFB1 /* main.m in Sources */,
			);
			runOnlyForDeploymentPostprocessing = 0;
		};
		D954F8C6189B0EEA0024CFB1 /* Sources */ = {
			isa = PBXSourcesBuildPhase;
			buildActionMask = 2147483647;
			files = (
				D954F8D8189B0EEA0024CFB1 /* Get_Off_My_Lawn_Tests.m in Sources */,
			);
			runOnlyForDeploymentPostprocessing = 0;
		};
/* End PBXSourcesBuildPhase section */

/* Begin PBXTargetDependency section */
		D954F8D0189B0EEA0024CFB1 /* PBXTargetDependency */ = {
			isa = PBXTargetDependency;
			target = D954F8A8189B0EEA0024CFB1 /* Get Off My Lawn! */;
			targetProxy = D954F8CF189B0EEA0024CFB1 /* PBXContainerItemProxy */;
		};
/* End PBXTargetDependency section */

/* Begin PBXVariantGroup section */
		D954F8B5189B0EEA0024CFB1 /* InfoPlist.strings */ = {
			isa = PBXVariantGroup;
			children = (
				D954F8B6189B0EEA0024CFB1 /* en */,
			);
			name = InfoPlist.strings;
			sourceTree = "<group>";
		};
		D954F8BE189B0EEA0024CFB1 /* Main.storyboard */ = {
			isa = PBXVariantGroup;
			children = (
				D954F8BF189B0EEA0024CFB1 /* Base */,
			);
			name = Main.storyboard;
			sourceTree = "<group>";
		};
		D954F8D4189B0EEA0024CFB1 /* InfoPlist.strings */ = {
			isa = PBXVariantGroup;
			children = (
				D954F8D5189B0EEA0024CFB1 /* en */,
			);
			name = InfoPlist.strings;
			sourceTree = "<group>";
		};
/* End PBXVariantGroup section */

/* Begin XCBuildConfiguration section */
		D954F8D9189B0EEA0024CFB1 /* Debug */ = {
			isa = XCBuildConfiguration;
			buildSettings = {
				ALWAYS_SEARCH_USER_PATHS = NO;
				ARCHS = "$(ARCHS_STANDARD_INCLUDING_64_BIT)";
				CLANG_CXX_LANGUAGE_STANDARD = "gnu++0x";
				CLANG_CXX_LIBRARY = "libc++";
				CLANG_ENABLE_MODULES = YES;
				CLANG_ENABLE_OBJC_ARC = YES;
				CLANG_WARN_BOOL_CONVERSION = YES;
				CLANG_WARN_CONSTANT_CONVERSION = YES;
				CLANG_WARN_DIRECT_OBJC_ISA_USAGE = YES_ERROR;
				CLANG_WARN_EMPTY_BODY = YES;
				CLANG_WARN_ENUM_CONVERSION = YES;
				CLANG_WARN_INT_CONVERSION = YES;
				CLANG_WARN_OBJC_ROOT_CLASS = YES_ERROR;
				CLANG_WARN__DUPLICATE_METHOD_MATCH = YES;
				"CODE_SIGN_IDENTITY[sdk=iphoneos*]" = "iPhone Developer";
				COPY_PHASE_STRIP = NO;
				GCC_C_LANGUAGE_STANDARD = gnu99;
				GCC_DYNAMIC_NO_PIC = NO;
				GCC_OPTIMIZATION_LEVEL = 0;
				GCC_PREPROCESSOR_DEFINITIONS = (
					"DEBUG=1",
					"$(inherited)",
				);
				GCC_SYMBOLS_PRIVATE_EXTERN = NO;
				GCC_WARN_64_TO_32_BIT_CONVERSION = YES;
				GCC_WARN_ABOUT_RETURN_TYPE = YES_ERROR;
				GCC_WARN_UNDECLARED_SELECTOR = YES;
				GCC_WARN_UNINITIALIZED_AUTOS = YES;
				GCC_WARN_UNUSED_FUNCTION = YES;
				GCC_WARN_UNUSED_VARIABLE = YES;
				IPHONEOS_DEPLOYMENT_TARGET = 7.0;
				ONLY_ACTIVE_ARCH = YES;
				SDKROOT = iphoneos;
			};
			name = Debug;
		};
		D954F8DA189B0EEA0024CFB1 /* Release */ = {
			isa = XCBuildConfiguration;
			buildSettings = {
				ALWAYS_SEARCH_USER_PATHS = NO;
				ARCHS = "$(ARCHS_STANDARD_INCLUDING_64_BIT)";
				CLANG_CXX_LANGUAGE_STANDARD = "gnu++0x";
				CLANG_CXX_LIBRARY = "libc++";
				CLANG_ENABLE_MODULES = YES;
				CLANG_ENABLE_OBJC_ARC = YES;
				CLANG_WARN_BOOL_CONVERSION = YES;
				CLANG_WARN_CONSTANT_CONVERSION = YES;
				CLANG_WARN_DIRECT_OBJC_ISA_USAGE = YES_ERROR;
				CLANG_WARN_EMPTY_BODY = YES;
				CLANG_WARN_ENUM_CONVERSION = YES;
				CLANG_WARN_INT_CONVERSION = YES;
				CLANG_WARN_OBJC_ROOT_CLASS = YES_ERROR;
				CLANG_WARN__DUPLICATE_METHOD_MATCH = YES;
				"CODE_SIGN_IDENTITY[sdk=iphoneos*]" = "iPhone Developer";
				COPY_PHASE_STRIP = YES;
				ENABLE_NS_ASSERTIONS = NO;
				GCC_C_LANGUAGE_STANDARD = gnu99;
				GCC_WARN_64_TO_32_BIT_CONVERSION = YES;
				GCC_WARN_ABOUT_RETURN_TYPE = YES_ERROR;
				GCC_WARN_UNDECLARED_SELECTOR = YES;
				GCC_WARN_UNINITIALIZED_AUTOS = YES;
				GCC_WARN_UNUSED_FUNCTION = YES;
				GCC_WARN_UNUSED_VARIABLE = YES;
				IPHONEOS_DEPLOYMENT_TARGET = 7.0;
				SDKROOT = iphoneos;
				VALIDATE_PRODUCT = YES;
			};
			name = Release;
		};
		D954F8DC189B0EEA0024CFB1 /* Debug */ = {
			isa = XCBuildConfiguration;
			buildSettings = {
				ASSETCATALOG_COMPILER_APPICON_NAME = AppIcon;
				ASSETCATALOG_COMPILER_LAUNCHIMAGE_NAME = LaunchImage;
				GCC_PRECOMPILE_PREFIX_HEADER = YES;
				GCC_PREFIX_HEADER = "Get Off My Lawn!/Get Off My Lawn!-Prefix.pch";
				INFOPLIST_FILE = "Get Off My Lawn!/Get Off My Lawn!-Info.plist";
				IPHONEOS_DEPLOYMENT_TARGET = 7.0;
				PRODUCT_NAME = "$(TARGET_NAME)";
				TARGETED_DEVICE_FAMILY = "1,2";
				WRAPPER_EXTENSION = app;
			};
			name = Debug;
		};
		D954F8DD189B0EEA0024CFB1 /* Release */ = {
			isa = XCBuildConfiguration;
			buildSettings = {
				ASSETCATALOG_COMPILER_APPICON_NAME = AppIcon;
				ASSETCATALOG_COMPILER_LAUNCHIMAGE_NAME = LaunchImage;
				GCC_PRECOMPILE_PREFIX_HEADER = YES;
				GCC_PREFIX_HEADER = "Get Off My Lawn!/Get Off My Lawn!-Prefix.pch";
				INFOPLIST_FILE = "Get Off My Lawn!/Get Off My Lawn!-Info.plist";
				IPHONEOS_DEPLOYMENT_TARGET = 7.0;
				PRODUCT_NAME = "$(TARGET_NAME)";
				TARGETED_DEVICE_FAMILY = "1,2";
				WRAPPER_EXTENSION = app;
			};
			name = Release;
		};
		D954F8DF189B0EEA0024CFB1 /* Debug */ = {
			isa = XCBuildConfiguration;
			buildSettings = {
				ARCHS = "$(ARCHS_STANDARD_INCLUDING_64_BIT)";
				BUNDLE_LOADER = "$(BUILT_PRODUCTS_DIR)/Get Off My Lawn!.app/Get Off My Lawn!";
				FRAMEWORK_SEARCH_PATHS = (
					"$(SDKROOT)/Developer/Library/Frameworks",
					"$(inherited)",
					"$(DEVELOPER_FRAMEWORKS_DIR)",
				);
				GCC_PRECOMPILE_PREFIX_HEADER = YES;
				GCC_PREFIX_HEADER = "Get Off My Lawn!/Get Off My Lawn!-Prefix.pch";
				GCC_PREPROCESSOR_DEFINITIONS = (
					"DEBUG=1",
					"$(inherited)",
				);
				INFOPLIST_FILE = "Get Off My Lawn!Tests/Get Off My Lawn!Tests-Info.plist";
				PRODUCT_NAME = "$(TARGET_NAME)";
				TEST_HOST = "$(BUNDLE_LOADER)";
				WRAPPER_EXTENSION = xctest;
			};
			name = Debug;
		};
		D954F8E0189B0EEA0024CFB1 /* Release */ = {
			isa = XCBuildConfiguration;
			buildSettings = {
				ARCHS = "$(ARCHS_STANDARD_INCLUDING_64_BIT)";
				BUNDLE_LOADER = "$(BUILT_PRODUCTS_DIR)/Get Off My Lawn!.app/Get Off My Lawn!";
				FRAMEWORK_SEARCH_PATHS = (
					"$(SDKROOT)/Developer/Library/Frameworks",
					"$(inherited)",
					"$(DEVELOPER_FRAMEWORKS_DIR)",
				);
				GCC_PRECOMPILE_PREFIX_HEADER = YES;
				GCC_PREFIX_HEADER = "Get Off My Lawn!/Get Off My Lawn!-Prefix.pch";
				INFOPLIST_FILE = "Get Off My Lawn!Tests/Get Off My Lawn!Tests-Info.plist";
				PRODUCT_NAME = "$(TARGET_NAME)";
				TEST_HOST = "$(BUNDLE_LOADER)";
				WRAPPER_EXTENSION = xctest;
			};
			name = Release;
		};
/* End XCBuildConfiguration section */

/* Begin XCConfigurationList section */
		D954F8A4189B0EEA0024CFB1 /* Build configuration list for PBXProject "Get Off My Lawn!" */ = {
			isa = XCConfigurationList;
			buildConfigurations = (
				D954F8D9189B0EEA0024CFB1 /* Debug */,
				D954F8DA189B0EEA0024CFB1 /* Release */,
			);
			defaultConfigurationIsVisible = 0;
			defaultConfigurationName = Release;
		};
		D954F8DB189B0EEA0024CFB1 /* Build configuration list for PBXNativeTarget "Get Off My Lawn!" */ = {
			isa = XCConfigurationList;
			buildConfigurations = (
				D954F8DC189B0EEA0024CFB1 /* Debug */,
				D954F8DD189B0EEA0024CFB1 /* Release */,
			);
			defaultConfigurationIsVisible = 0;
			defaultConfigurationName = Release;
		};
		D954F8DE189B0EEA0024CFB1 /* Build configuration list for PBXNativeTarget "Get Off My Lawn!Tests" */ = {
			isa = XCConfigurationList;
			buildConfigurations = (
				D954F8DF189B0EEA0024CFB1 /* Debug */,
				D954F8E0189B0EEA0024CFB1 /* Release */,
			);
			defaultConfigurationIsVisible = 0;
			defaultConfigurationName = Release;
		};
/* End XCConfigurationList section */
	};
	rootObject = D954F8A1189B0EEA0024CFB1 /* Project object */;
}
